
Microsoft Visual Studio Solution File, Format Version 12.00
# Visual Studio Version 16
VisualStudioVersion = 16.6.30114.105
MinimumVisualStudioVersion = 10.0.40219.1
Project("{6EC3EE1D-3C4E-46DD-8F32-0CC8E7565705}") = "DustyTables", "DustyTables\DustyTables.fsproj", "{1F2648CD-AB52-4CE2-B112-57F891692BDF}"
EndProject
Project("{6EC3EE1D-3C4E-46DD-8F32-0CC8E7565705}") = "DustyTables.Tests", "DustyTables.Tests\DustyTables.Tests.fsproj", "{298F9CA1-1887-4D01-9F4E-20084EBBF702}"
EndProject
Project("{F2A71F9B-5D33-465A-A702-920D77279786}") = "DustyTables.Build", "DustyTables.Build\DustyTables.Build.fsproj", "{44B73238-93C2-4B18-AF41-D0ED679F92C9}"
EndProject
Project("{2150E333-8FDC-42A3-9474-1A3956D46DE8}") = "Workspace", "Workspace", "{987476A7-B32B-485C-ADA4-243E13C400DC}"
	ProjectSection(SolutionItems) = preProject
		.editorconfig = .editorconfig
		.gitattributes = .gitattributes
		.gitignore = .gitignore
		appveyor.yml = appveyor.yml
		LICENSE.md = LICENSE.md
		README.md = README.md
		RELEASE_NOTES.md = RELEASE_NOTES.md
	EndProjectSection
EndProject
Global
	GlobalSection(SolutionConfigurationPlatforms) = preSolution
		Debug|Any CPU = Debug|Any CPU
		Debug|x64 = Debug|x64
		Debug|x86 = Debug|x86
		Release|Any CPU = Release|Any CPU
		Release|x64 = Release|x64
		Release|x86 = Release|x86
	EndGlobalSection
	GlobalSection(ProjectConfigurationPlatforms) = postSolution
		{1F2648CD-AB52-4CE2-B112-57F891692BDF}.Debug|Any CPU.ActiveCfg = Debug|Any CPU
		{1F2648CD-AB52-4CE2-B112-57F891692BDF}.Debug|Any CPU.Build.0 = Debug|Any CPU
		{1F2648CD-AB52-4CE2-B112-57F891692BDF}.Debug|x64.ActiveCfg = Debug|Any CPU
		{1F2648CD-AB52-4CE2-B112-57F891692BDF}.Debug|x64.Build.0 = Debug|Any CPU
		{1F2648CD-AB52-4CE2-B112-57F891692BDF}.Debug|x86.ActiveCfg = Debug|Any CPU
		{1F2648CD-AB52-4CE2-B112-57F891692BDF}.Debug|x86.Build.0 = Debug|Any CPU
		{1F2648CD-AB52-4CE2-B112-57F891692BDF}.Release|Any CPU.ActiveCfg = Release|Any CPU
		{1F2648CD-AB52-4CE2-B112-57F891692BDF}.Release|Any CPU.Build.0 = Release|Any CPU
		{1F2648CD-AB52-4CE2-B112-57F891692BDF}.Release|x64.ActiveCfg = Release|Any CPU
		{1F2648CD-AB52-4CE2-B112-57F891692BDF}.Release|x64.Build.0 = Release|Any CPU
		{1F2648CD-AB52-4CE2-B112-57F891692BDF}.Release|x86.ActiveCfg = Release|Any CPU
		{1F2648CD-AB52-4CE2-B112-57F891692BDF}.Release|x86.Build.0 = Release|Any CPU
		{298F9CA1-1887-4D01-9F4E-20084EBBF702}.Debug|Any CPU.ActiveCfg = Debug|Any CPU
		{298F9CA1-1887-4D01-9F4E-20084EBBF702}.Debug|Any CPU.Build.0 = Debug|Any CPU
		{298F9CA1-1887-4D01-9F4E-20084EBBF702}.Debug|x64.ActiveCfg = Debug|Any CPU
		{298F9CA1-1887-4D01-9F4E-20084EBBF702}.Debug|x64.Build.0 = Debug|Any CPU
		{298F9CA1-1887-4D01-9F4E-20084EBBF702}.Debug|x86.ActiveCfg = Debug|Any CPU
		{298F9CA1-1887-4D01-9F4E-20084EBBF702}.Debug|x86.Build.0 = Debug|Any CPU
		{298F9CA1-1887-4D01-9F4E-20084EBBF702}.Release|Any CPU.ActiveCfg = Release|Any CPU
		{298F9CA1-1887-4D01-9F4E-20084EBBF702}.Release|Any CPU.Build.0 = Release|Any CPU
		{298F9CA1-1887-4D01-9F4E-20084EBBF702}.Release|x64.ActiveCfg = Release|Any CPU
		{298F9CA1-1887-4D01-9F4E-20084EBBF702}.Release|x64.Build.0 = Release|Any CPU
		{298F9CA1-1887-4D01-9F4E-20084EBBF702}.Release|x86.ActiveCfg = Release|Any CPU
		{298F9CA1-1887-4D01-9F4E-20084EBBF702}.Release|x86.Build.0 = Release|Any CPU
		{44B73238-93C2-4B18-AF41-D0ED679F92C9}.Debug|Any CPU.ActiveCfg = Debug|Any CPU
		{44B73238-93C2-4B18-AF41-D0ED679F92C9}.Debug|Any CPU.Build.0 = Debug|Any CPU
		{44B73238-93C2-4B18-AF41-D0ED679F92C9}.Debug|x64.ActiveCfg = Debug|Any CPU
		{44B73238-93C2-4B18-AF41-D0ED679F92C9}.Debug|x64.Build.0 = Debug|Any CPU
		{44B73238-93C2-4B18-AF41-D0ED679F92C9}.Debug|x86.ActiveCfg = Debug|Any CPU
		{44B73238-93C2-4B18-AF41-D0ED679F92C9}.Debug|x86.Build.0 = Debug|Any CPU
		{44B73238-93C2-4B18-AF41-D0ED679F92C9}.Release|Any CPU.ActiveCfg = Release|Any CPU
		{44B73238-93C2-4B18-AF41-D0ED679F92C9}.Release|Any CPU.Build.0 = Release|Any CPU
		{44B73238-93C2-4B18-AF41-D0ED679F92C9}.Release|x64.ActiveCfg = Release|Any CPU
		{44B73238-93C2-4B18-AF41-D0ED679F92C9}.Release|x64.Build.0 = Release|Any CPU
		{44B73238-93C2-4B18-AF41-D0ED679F92C9}.Release|x86.ActiveCfg = Release|Any CPU
		{44B73238-93C2-4B18-AF41-D0ED679F92C9}.Release|x86.Build.0 = Release|Any CPU
	EndGlobalSection
	GlobalSection(SolutionProperties) = preSolution
		HideSolutionNode = FALSE
	EndGlobalSection
	GlobalSection(ExtensibilityGlobals) = postSolution
		SolutionGuid = {C2D30575-ED0F-4C42-915C-AA6B8EDBB617}
	EndGlobalSection
EndGlobal
